
Microsoft Visual Studio Solution File, Format Version 12.00
# Visual Studio Version 17
VisualStudioVersion = 17.9.34728.123
MinimumVisualStudioVersion = 10.0.40219.1
Project("{2150E333-8FDC-42A3-9474-1A3956D46DE8}") = "Src", "Src", "{F7768DCC-A15A-4BAB-BA06-AF6E12CE1D30}"
EndProject
Project("{2150E333-8FDC-42A3-9474-1A3956D46DE8}") = "BackEnd", "BackEnd", "{E2DAFE5C-ED61-47F1-B3C7-F92BA6CFA979}"
EndProject
Project("{2150E333-8FDC-42A3-9474-1A3956D46DE8}") = "FrontEnd", "FrontEnd", "{6D3F9518-279F-480C-AAF8-168FD1FFFA34}"
EndProject
Project("{2150E333-8FDC-42A3-9474-1A3956D46DE8}") = "Common", "Common", "{0E32F20A-86C4-4D5A-B93A-D231E4DE753A}"
EndProject
Project("{2150E333-8FDC-42A3-9474-1A3956D46DE8}") = "Infraestructure", "Infraestructure", "{4DC81C8A-6DEF-4E39-937B-981813B9BAF2}"
EndProject
Project("{FAE04EC0-301F-11D3-BF4B-00C04F79EFBC}") = "ShopMicroServices.Common.Data", "ShopMicroServices.Common.Data\ShopMicroServices.Common.Data.csproj", "{3AD865F4-1AB4-4F45-A23E-56DCD9BC3320}"
EndProject
Project("{FAE04EC0-301F-11D3-BF4B-00C04F79EFBC}") = "ShopMicroServices.Infraestructure", "ShopMicroServices.Infraestructure\ShopMicroServices.Infraestructure.csproj", "{9BBF2FBC-7AA9-495C-9B2A-68757D583749}"
EndProject
Project("{2150E333-8FDC-42A3-9474-1A3956D46DE8}") = "Modules", "Modules", "{1013C9A7-FF04-4C3C-A543-4B14747C63F7}"
EndProject
Project("{2150E333-8FDC-42A3-9474-1A3956D46DE8}") = "Customers Management", "Customers Management", "{469CA942-56CC-400F-8997-F7527B9A9929}"
EndProject
Project("{2150E333-8FDC-42A3-9474-1A3956D46DE8}") = "Apis", "Apis", "{0594569D-B285-4625-9E7A-CE3DD32D809D}"
EndProject
Project("{2150E333-8FDC-42A3-9474-1A3956D46DE8}") = "Aplication", "Aplication", "{2E67BEC8-E989-442F-880E-4B33EDDB7A6A}"
EndProject
Project("{2150E333-8FDC-42A3-9474-1A3956D46DE8}") = "Domain", "Domain", "{1EB7A09B-1CF2-4850-9D79-212EC72955A2}"
EndProject
Project("{2150E333-8FDC-42A3-9474-1A3956D46DE8}") = "Persistence", "Persistence", "{B4586B00-7D38-471B-9529-796F3DD985EA}"
EndProject
Project("{FAE04EC0-301F-11D3-BF4B-00C04F79EFBC}") = "ShopMicroServices.Customers.Api", "ShopMicroServices.Customers.Api\ShopMicroServices.Customers.Api.csproj", "{84463AFA-E763-4E3A-9F41-8701B149FEA9}"
EndProject
Project("{FAE04EC0-301F-11D3-BF4B-00C04F79EFBC}") = "ShopMicroServices.Customers.Application", "ShopMicroServices.Customers.Application\ShopMicroServices.Customers.Application.csproj", "{37416618-AE01-4A3D-8CF3-6C1383474078}"
EndProject
Project("{FAE04EC0-301F-11D3-BF4B-00C04F79EFBC}") = "ShopMicroServices.Customers.Domain", "ShopMicroServices.Customers.Domain\ShopMicroServices.Customers.Domain.csproj", "{07753EE0-6C6B-4D6A-A716-B27CCDF98161}"
EndProject
Project("{FAE04EC0-301F-11D3-BF4B-00C04F79EFBC}") = "ShopMicroServices.Customers.Persistence", "ShopMicroServices.Customers.Persistance\ShopMicroServices.Customers.Persistence.csproj", "{8338EB42-1FBC-47B1-9BF7-4DE4E90E34FA}"
EndProject
Global
	GlobalSection(SolutionConfigurationPlatforms) = preSolution
		Debug|Any CPU = Debug|Any CPU
		Release|Any CPU = Release|Any CPU
	EndGlobalSection
	GlobalSection(ProjectConfigurationPlatforms) = postSolution
		{3AD865F4-1AB4-4F45-A23E-56DCD9BC3320}.Debug|Any CPU.ActiveCfg = Debug|Any CPU
		{3AD865F4-1AB4-4F45-A23E-56DCD9BC3320}.Debug|Any CPU.Build.0 = Debug|Any CPU
		{3AD865F4-1AB4-4F45-A23E-56DCD9BC3320}.Release|Any CPU.ActiveCfg = Release|Any CPU
		{3AD865F4-1AB4-4F45-A23E-56DCD9BC3320}.Release|Any CPU.Build.0 = Release|Any CPU
		{9BBF2FBC-7AA9-495C-9B2A-68757D583749}.Debug|Any CPU.ActiveCfg = Debug|Any CPU
		{9BBF2FBC-7AA9-495C-9B2A-68757D583749}.Debug|Any CPU.Build.0 = Debug|Any CPU
		{9BBF2FBC-7AA9-495C-9B2A-68757D583749}.Release|Any CPU.ActiveCfg = Release|Any CPU
		{9BBF2FBC-7AA9-495C-9B2A-68757D583749}.Release|Any CPU.Build.0 = Release|Any CPU
		{84463AFA-E763-4E3A-9F41-8701B149FEA9}.Debug|Any CPU.ActiveCfg = Debug|Any CPU
		{84463AFA-E763-4E3A-9F41-8701B149FEA9}.Debug|Any CPU.Build.0 = Debug|Any CPU
		{84463AFA-E763-4E3A-9F41-8701B149FEA9}.Release|Any CPU.ActiveCfg = Release|Any CPU
		{84463AFA-E763-4E3A-9F41-8701B149FEA9}.Release|Any CPU.Build.0 = Release|Any CPU
		{37416618-AE01-4A3D-8CF3-6C1383474078}.Debug|Any CPU.ActiveCfg = Debug|Any CPU
		{37416618-AE01-4A3D-8CF3-6C1383474078}.Debug|Any CPU.Build.0 = Debug|Any CPU
		{37416618-AE01-4A3D-8CF3-6C1383474078}.Release|Any CPU.ActiveCfg = Release|Any CPU
		{37416618-AE01-4A3D-8CF3-6C1383474078}.Release|Any CPU.Build.0 = Release|Any CPU
		{07753EE0-6C6B-4D6A-A716-B27CCDF98161}.Debug|Any CPU.ActiveCfg = Debug|Any CPU
		{07753EE0-6C6B-4D6A-A716-B27CCDF98161}.Debug|Any CPU.Build.0 = Debug|Any CPU
		{07753EE0-6C6B-4D6A-A716-B27CCDF98161}.Release|Any CPU.ActiveCfg = Release|Any CPU
		{07753EE0-6C6B-4D6A-A716-B27CCDF98161}.Release|Any CPU.Build.0 = Release|Any CPU
		{8338EB42-1FBC-47B1-9BF7-4DE4E90E34FA}.Debug|Any CPU.ActiveCfg = Debug|Any CPU
		{8338EB42-1FBC-47B1-9BF7-4DE4E90E34FA}.Debug|Any CPU.Build.0 = Debug|Any CPU
		{8338EB42-1FBC-47B1-9BF7-4DE4E90E34FA}.Release|Any CPU.ActiveCfg = Release|Any CPU
		{8338EB42-1FBC-47B1-9BF7-4DE4E90E34FA}.Release|Any CPU.Build.0 = Release|Any CPU
	EndGlobalSection
	GlobalSection(SolutionProperties) = preSolution
		HideSolutionNode = FALSE
	EndGlobalSection
	GlobalSection(NestedProjects) = preSolution
		{E2DAFE5C-ED61-47F1-B3C7-F92BA6CFA979} = {F7768DCC-A15A-4BAB-BA06-AF6E12CE1D30}
		{6D3F9518-279F-480C-AAF8-168FD1FFFA34} = {F7768DCC-A15A-4BAB-BA06-AF6E12CE1D30}
		{0E32F20A-86C4-4D5A-B93A-D231E4DE753A} = {E2DAFE5C-ED61-47F1-B3C7-F92BA6CFA979}
		{4DC81C8A-6DEF-4E39-937B-981813B9BAF2} = {E2DAFE5C-ED61-47F1-B3C7-F92BA6CFA979}
		{3AD865F4-1AB4-4F45-A23E-56DCD9BC3320} = {0E32F20A-86C4-4D5A-B93A-D231E4DE753A}
		{9BBF2FBC-7AA9-495C-9B2A-68757D583749} = {4DC81C8A-6DEF-4E39-937B-981813B9BAF2}
		{1013C9A7-FF04-4C3C-A543-4B14747C63F7} = {E2DAFE5C-ED61-47F1-B3C7-F92BA6CFA979}
		{469CA942-56CC-400F-8997-F7527B9A9929} = {1013C9A7-FF04-4C3C-A543-4B14747C63F7}
		{0594569D-B285-4625-9E7A-CE3DD32D809D} = {469CA942-56CC-400F-8997-F7527B9A9929}
		{2E67BEC8-E989-442F-880E-4B33EDDB7A6A} = {469CA942-56CC-400F-8997-F7527B9A9929}
		{1EB7A09B-1CF2-4850-9D79-212EC72955A2} = {469CA942-56CC-400F-8997-F7527B9A9929}
		{B4586B00-7D38-471B-9529-796F3DD985EA} = {469CA942-56CC-400F-8997-F7527B9A9929}
		{84463AFA-E763-4E3A-9F41-8701B149FEA9} = {0594569D-B285-4625-9E7A-CE3DD32D809D}
		{37416618-AE01-4A3D-8CF3-6C1383474078} = {2E67BEC8-E989-442F-880E-4B33EDDB7A6A}
		{07753EE0-6C6B-4D6A-A716-B27CCDF98161} = {1EB7A09B-1CF2-4850-9D79-212EC72955A2}
		{8338EB42-1FBC-47B1-9BF7-4DE4E90E34FA} = {B4586B00-7D38-471B-9529-796F3DD985EA}
	EndGlobalSection
	GlobalSection(ExtensibilityGlobals) = postSolution
		SolutionGuid = {60884F43-CECD-443F-BA37-39ED715E0584}
	EndGlobalSection
EndGlobal
